{
    "_meta": {
        "hash": {
            "sha256": "d6e2d5ecf1ef7a673b1913e3d179d6642769eec428069923435aa12a0b25b8d3"
        },
        "pipfile-spec": 6,
        "requires": {},
        "sources": [
            {
                "name": "pypi",
                "url": "https://pypi.org/simple",
                "verify_ssl": true
            }
        ]
    },
    "default": {
        "ak-vendor": {
            "editable": true,
            "path": "."
        }
    },
    "develop": {
        "ak-vendor": {
            "editable": true,
            "path": "."
        },
        "urllib3": {
            "hashes": [
                "sha256:4c291ca23bbb55c76518905869ef34bdd5f0e46af7afe6861e8375643ffee1a0",
                "sha256:9a247273df709c4fedb38c711e44292304f73f39ab01beda9f6b9fc375669ac3"
            ],
            "index": "pypi",
            "version": "==1.24.2"
        }
    }
}
